<?xml version="1.0" encoding="utf-8"?>
<Project ToolsVersion="4.0" xmlns="http://schemas.microsoft.com/developer/msbuild/2003">
  <ItemGroup>
    <Filter Include="源文件">
      <UniqueIdentifier>{4FC737F1-C7A5-4376-A066-2A32D752A2FF}</UniqueIdentifier>
      <Extensions>cpp;c;cc;cxx;c++;cppm;ixx;def;odl;idl;hpj;bat;asm;asmx</Extensions>
    </Filter>
    <Filter Include="头文件">
      <UniqueIdentifier>{93995380-89BD-4b04-88EB-625FBE52EBFB}</UniqueIdentifier>
      <Extensions>h;hh;hpp;hxx;h++;hm;inl;inc;ipp;xsd</Extensions>
    </Filter>
    <Filter Include="资源文件">
      <UniqueIdentifier>{67DA6AB6-F800-4c08-8B7A-83BB121AAD01}</UniqueIdentifier>
      <Extensions>rc;ico;cur;bmp;dlg;rc2;rct;bin;rgs;gif;jpg;jpeg;jpe;resx;tiff;tif;png;wav;mfcribbon-ms</Extensions>
    </Filter>
    <Filter Include="Shader">
      <UniqueIdentifier>{c8d6f4cc-3eb8-4e75-bbd6-371cc07f9ec8}</UniqueIdentifier>
    </Filter>
    <Filter Include="Catalog">
      <UniqueIdentifier>{c9de781f-aec6-4cff-9ac3-403a8de3ce90}</UniqueIdentifier>
    </Filter>
    <Filter Include="ImGUI">
      <UniqueIdentifier>{f0febb6f-7124-442a-ad36-686c7001390d}</UniqueIdentifier>
    </Filter>
  </ItemGroup>
  <ItemGroup>
    <ClCompile Include="Shader.cpp">
      <Filter>源文件</Filter>
    </ClCompile>
    <ClCompile Include="Loadimg.cpp">
      <Filter>源文件</Filter>
    </ClCompile>
    <ClCompile Include="Material.cpp">
      <Filter>源文件</Filter>
    </ClCompile>
    <ClCompile Include="LightDirectional.cpp">
      <Filter>源文件</Filter>
    </ClCompile>
    <ClCompile Include="LightPoint.cpp">
      <Filter>源文件</Filter>
    </ClCompile>
    <ClCompile Include="LightSpot.cpp">
      <Filter>源文件</Filter>
    </ClCompile>
    <ClCompile Include="Mesh.cpp">
      <Filter>源文件</Filter>
    </ClCompile>
    <ClCompile Include="Model.cpp">
      <Filter>源文件</Filter>
    </ClCompile>
    <ClCompile Include="Camera.cpp">
      <Filter>源文件</Filter>
    </ClCompile>
    <ClCompile Include="ImGUI\imgui.cpp">
      <Filter>ImGUI</Filter>
    </ClCompile>
    <ClCompile Include="ImGUI\imgui_demo.cpp">
      <Filter>ImGUI</Filter>
    </ClCompile>
    <ClCompile Include="ImGUI\imgui_draw.cpp">
      <Filter>ImGUI</Filter>
    </ClCompile>
    <ClCompile Include="ImGUI\imgui_impl_glfw.cpp">
      <Filter>ImGUI</Filter>
    </ClCompile>
    <ClCompile Include="ImGUI\imgui_impl_opengl3.cpp">
      <Filter>ImGUI</Filter>
    </ClCompile>
    <ClCompile Include="ImGUI\imgui_tables.cpp">
      <Filter>ImGUI</Filter>
    </ClCompile>
    <ClCompile Include="ImGUI\imgui_widgets.cpp">
      <Filter>ImGUI</Filter>
    </ClCompile>
    <ClCompile Include="ChapterLight.cpp">
      <Filter>Catalog</Filter>
    </ClCompile>
  </ItemGroup>
  <ItemGroup>
    <ClInclude Include="stb_image.h">
      <Filter>头文件</Filter>
    </ClInclude>
    <ClInclude Include="Loadimg.h">
      <Filter>头文件</Filter>
    </ClInclude>
    <ClInclude Include="Camera.h">
      <Filter>头文件</Filter>
    </ClInclude>
    <ClInclude Include="Material.h">
      <Filter>头文件</Filter>
    </ClInclude>
    <ClInclude Include="LightDirectional.h">
      <Filter>头文件</Filter>
    </ClInclude>
    <ClInclude Include="LightPoint.h">
      <Filter>头文件</Filter>
    </ClInclude>
    <ClInclude Include="LightSpot.h">
      <Filter>头文件</Filter>
    </ClInclude>
    <ClInclude Include="Mesh.h">
      <Filter>头文件</Filter>
    </ClInclude>
    <ClInclude Include="Model.h">
      <Filter>头文件</Filter>
    </ClInclude>
    <ClInclude Include="Shader.h">
      <Filter>头文件</Filter>
    </ClInclude>
    <ClInclude Include="ImGUI\imconfig.h">
      <Filter>ImGUI</Filter>
    </ClInclude>
    <ClInclude Include="ImGUI\imgui.h">
      <Filter>ImGUI</Filter>
    </ClInclude>
    <ClInclude Include="ImGUI\imgui_impl_glfw.h">
      <Filter>ImGUI</Filter>
    </ClInclude>
    <ClInclude Include="ImGUI\imgui_impl_opengl3.h">
      <Filter>ImGUI</Filter>
    </ClInclude>
    <ClInclude Include="ImGUI\imgui_impl_opengl3_loader.h">
      <Filter>ImGUI</Filter>
    </ClInclude>
    <ClInclude Include="ImGUI\imgui_internal.h">
      <Filter>ImGUI</Filter>
    </ClInclude>
    <ClInclude Include="ImGUI\imstb_rectpack.h">
      <Filter>ImGUI</Filter>
    </ClInclude>
    <ClInclude Include="ImGUI\imstb_textedit.h">
      <Filter>ImGUI</Filter>
    </ClInclude>
    <ClInclude Include="ImGUI\imstb_truetype.h">
      <Filter>ImGUI</Filter>
    </ClInclude>
    <ClInclude Include="Light.h">
      <Filter>头文件</Filter>
    </ClInclude>
  </ItemGroup>
  <ItemGroup>
    <None Include="assets\Material\Shader\cubeMap.frag">
      <Filter>Shader</Filter>
    </None>
    <None Include="assets\Material\Shader\cubeMap.vert">
      <Filter>Shader</Filter>
    </None>
    <None Include="assets\Material\Shader\DirectionalLight.frag">
      <Filter>Shader</Filter>
    </None>
    <None Include="assets\Material\Shader\DirectionalLight.vert">
      <Filter>Shader</Filter>
    </None>
    <None Include="assets\Material\Shader\explode.frag">
      <Filter>Shader</Filter>
    </None>
    <None Include="assets\Material\Shader\explode.geom">
      <Filter>Shader</Filter>
    </None>
    <None Include="assets\Material\Shader\explode.vert">
      <Filter>Shader</Filter>
    </None>
    <None Include="assets\Material\Shader\fragment.frag">
      <Filter>Shader</Filter>
    </None>
    <None Include="assets\Material\Shader\frameBuffer.frag">
      <Filter>Shader</Filter>
    </None>
    <None Include="assets\Material\Shader\frameBuffer.vert">
      <Filter>Shader</Filter>
    </None>
    <None Include="assets\Material\Shader\geometry.geom">
      <Filter>Shader</Filter>
    </None>
    <None Include="assets\Material\Shader\Model_loading.frag">
      <Filter>Shader</Filter>
    </None>
    <None Include="assets\Material\Shader\Model_loading.vert">
      <Filter>Shader</Filter>
    </None>
    <None Include="assets\Material\Shader\normal_visualization.frag">
      <Filter>Shader</Filter>
    </None>
    <None Include="assets\Material\Shader\normal_visualization.geom">
      <Filter>Shader</Filter>
    </None>
    <None Include="assets\Material\Shader\normal_visualization.vert">
      <Filter>Shader</Filter>
    </None>
    <None Include="packages.config">
      <Filter>Shader</Filter>
    </None>
    <None Include="assets\Material\Shader\planet.frag">
      <Filter>Shader</Filter>
    </None>
    <None Include="assets\Material\Shader\planet.vert">
      <Filter>Shader</Filter>
    </None>
    <None Include="assets\Material\Shader\PointLight.frag">
      <Filter>Shader</Filter>
    </None>
    <None Include="assets\Material\Shader\PointLight.vert">
      <Filter>Shader</Filter>
    </None>
    <None Include="assets\Material\Shader\skybox.frag">
      <Filter>Shader</Filter>
    </None>
    <None Include="assets\Material\Shader\skybox.vert">
      <Filter>Shader</Filter>
    </None>
    <None Include="assets\Material\Shader\SpotLight.frag">
      <Filter>Shader</Filter>
    </None>
    <None Include="assets\Material\Shader\SpotLight.vert">
      <Filter>Shader</Filter>
    </None>
    <None Include="assets\Material\Shader\stencil_testing.frag">
      <Filter>Shader</Filter>
    </None>
    <None Include="assets\Material\Shader\stencil_testing.vert">
      <Filter>Shader</Filter>
    </None>
    <None Include="assets\Material\Shader\vegetation.frag">
      <Filter>Shader</Filter>
    </None>
    <None Include="assets\Material\Shader\vegetation.vert">
      <Filter>Shader</Filter>
    </None>
    <None Include="assets\Material\Shader\vertex.vert">
      <Filter>Shader</Filter>
    </None>
    <None Include="assets\Material\Shader\debug_quad.frag">
      <Filter>Shader</Filter>
    </None>
    <None Include="assets\Material\Shader\debug_quad.vert">
      <Filter>Shader</Filter>
    </None>
    <None Include="assets\Material\Shader\simple_mapping_depth.frag">
      <Filter>Shader</Filter>
    </None>
    <None Include="assets\Material\Shader\simple_mapping_depth.vert">
      <Filter>Shader</Filter>
    </None>
    <None Include="assets\Material\Shader\shadow_mapping.frag">
      <Filter>Shader</Filter>
    </None>
    <None Include="assets\Material\Shader\shadow_mapping.vert">
      <Filter>Shader</Filter>
    </None>
    <None Include="assets\Material\Shader\cubeLight.frag">
      <Filter>Shader</Filter>
    </None>
    <None Include="assets\Material\Shader\cubeLight.vert">
      <Filter>Shader</Filter>
    </None>
    <None Include="assets\Material\Shader\basicLight.frag">
      <Filter>Shader</Filter>
    </None>
    <None Include="assets\Material\Shader\basicLight.vert">
      <Filter>Shader</Filter>
    </None>
    <None Include="assets\Material\Shader\Phong.frag">
      <Filter>Shader</Filter>
    </None>
    <None Include="assets\Material\Shader\Phong.vert">
      <Filter>Shader</Filter>
    </None>
    <None Include="assets\Material\Shader\cube_shader_mapping.frag">
      <Filter>Shader</Filter>
    </None>
    <None Include="assets\Material\Shader\cube_shader_mapping.vert">
      <Filter>Shader</Filter>
    </None>
    <None Include="assets\Material\Shader\point_shadows_depth.frag">
      <Filter>Shader</Filter>
    </None>
    <None Include="assets\Material\Shader\point_shadows_depth.geom">
      <Filter>Shader</Filter>
    </None>
    <None Include="assets\Material\Shader\point_shadows_depth.vert">
      <Filter>Shader</Filter>
    </None>
    <None Include="assets\Material\Shader\DepthBuffer.frag">
      <Filter>Shader</Filter>
    </None>
    <None Include="assets\Material\Shader\DepthBuffer.vert">
      <Filter>Shader</Filter>
    </None>
  </ItemGroup>
  <ItemGroup>
    <Image Include="assets\Material\Texture\container.png">
      <Filter>资源文件</Filter>
    </Image>
    <Image Include="assets\Material\Texture\container_specular.png">
      <Filter>资源文件</Filter>
    </Image>
  </ItemGroup>
</Project>